<?xml version="1.0" encoding="utf-8"?>
<Project ToolsVersion="4.0" xmlns="http://schemas.microsoft.com/developer/msbuild/2003">
  <ItemGroup>
    <Filter Include="소스 파일">
      <UniqueIdentifier>{4FC737F1-C7A5-4376-A066-2A32D752A2FF}</UniqueIdentifier>
      <Extensions>cpp;c;cc;cxx;def;odl;idl;hpj;bat;asm;asmx</Extensions>
    </Filter>
    <Filter Include="헤더 파일">
      <UniqueIdentifier>{93995380-89BD-4b04-88EB-625FBE52EBFB}</UniqueIdentifier>
      <Extensions>h;hh;hpp;hxx;hm;inl;inc;ipp;xsd</Extensions>
    </Filter>
    <Filter Include="리소스 파일">
      <UniqueIdentifier>{67DA6AB6-F800-4c08-8B7A-83BB121AAD01}</UniqueIdentifier>
      <Extensions>rc;ico;cur;bmp;dlg;rc2;rct;bin;rgs;gif;jpg;jpeg;jpe;resx;tiff;tif;png;wav;mfcribbon-ms</Extensions>
    </Filter>
  </ItemGroup>
  <ItemGroup>
    <ClCompile Include="2309.cpp">
      <Filter>소스 파일</Filter>
    </ClCompile>
    <ClCompile Include="1065.cpp">
      <Filter>소스 파일</Filter>
    </ClCompile>
    <ClCompile Include="10448.cpp">
      <Filter>소스 파일</Filter>
    </ClCompile>
    <ClCompile Include="14889.cpp">
      <Filter>소스 파일</Filter>
    </ClCompile>
    <ClCompile Include="14502.cpp">
      <Filter>소스 파일</Filter>
    </ClCompile>
    <ClCompile Include="1260.cpp">
      <Filter>소스 파일</Filter>
    </ClCompile>
    <ClCompile Include="main.cpp">
      <Filter>소스 파일</Filter>
    </ClCompile>
    <ClCompile Include="15686.cpp">
      <Filter>소스 파일</Filter>
    </ClCompile>
    <ClCompile Include="2996.cpp">
      <Filter>소스 파일</Filter>
    </ClCompile>
    <ClCompile Include="1107.cpp">
      <Filter>소스 파일</Filter>
    </ClCompile>
    <ClCompile Include="1405.cpp">
      <Filter>소스 파일</Filter>
    </ClCompile>
    <ClCompile Include="14500.cpp">
      <Filter>소스 파일</Filter>
    </ClCompile>
    <ClCompile Include="2580.cpp">
      <Filter>소스 파일</Filter>
    </ClCompile>
    <ClCompile Include="1987.cpp">
      <Filter>소스 파일</Filter>
    </ClCompile>
    <ClCompile Include="16397.cpp">
      <Filter>소스 파일</Filter>
    </ClCompile>
    <ClCompile Include="16205.cpp">
      <Filter>소스 파일</Filter>
    </ClCompile>
    <ClCompile Include="srfWeek1-1.cpp">
      <Filter>소스 파일</Filter>
    </ClCompile>
    <ClCompile Include="srfWeek1-2.cpp">
      <Filter>소스 파일</Filter>
    </ClCompile>
    <ClCompile Include="srfWeek1-4.cpp">
      <Filter>소스 파일</Filter>
    </ClCompile>
    <ClCompile Include="srfWeek1-3.cpp">
      <Filter>소스 파일</Filter>
    </ClCompile>
    <ClCompile Include="srfWeek1-5.cpp">
      <Filter>소스 파일</Filter>
    </ClCompile>
    <ClCompile Include="srfWeek1-6.cpp">
      <Filter>소스 파일</Filter>
    </ClCompile>
    <ClCompile Include="2116.cpp">
      <Filter>소스 파일</Filter>
    </ClCompile>
    <ClCompile Include="9095.cpp">
      <Filter>소스 파일</Filter>
    </ClCompile>
    <ClCompile Include="1547.cpp">
      <Filter>소스 파일</Filter>
    </ClCompile>
    <ClCompile Include="9663.cpp">
      <Filter>소스 파일</Filter>
    </ClCompile>
    <ClCompile Include="5212.cpp">
      <Filter>소스 파일</Filter>
    </ClCompile>
    <ClCompile Include="14891.cpp">
      <Filter>소스 파일</Filter>
    </ClCompile>
    <ClCompile Include="10825.cpp">
      <Filter>소스 파일</Filter>
    </ClCompile>
    <ClCompile Include="2239.cpp">
      <Filter>소스 파일</Filter>
    </ClCompile>
    <ClCompile Include="2805.cpp">
      <Filter>소스 파일</Filter>
    </ClCompile>
    <ClCompile Include="9935.cpp">
      <Filter>소스 파일</Filter>
    </ClCompile>
    <ClCompile Include="sw_보호필름.cpp">
      <Filter>소스 파일</Filter>
    </ClCompile>
    <ClCompile Include="sw_숫자만들기.cpp">
      <Filter>소스 파일</Filter>
    </ClCompile>
    <ClCompile Include="sw_디저트카페.cpp">
      <Filter>소스 파일</Filter>
    </ClCompile>
    <ClCompile Include="practice.cpp">
      <Filter>소스 파일</Filter>
    </ClCompile>
    <ClCompile Include="1194.cpp">
      <Filter>소스 파일</Filter>
    </ClCompile>
<<<<<<< HEAD
    <ClCompile Include="sw_수영대회 결승전.cpp">
      <Filter>소스 파일</Filter>
    </ClCompile>
    <ClCompile Include="main2.cpp">
      <Filter>소스 파일</Filter>
    </ClCompile>
    <ClCompile Include="1753.cpp">
      <Filter>소스 파일</Filter>
    </ClCompile>
    <ClCompile Include="2042.cpp">
      <Filter>소스 파일</Filter>
    </ClCompile>
    <ClCompile Include="sw_삼성이의 쇼핑.cpp">
      <Filter>소스 파일</Filter>
    </ClCompile>
    <ClCompile Include="sw_가능한 시험 점수.cpp">
      <Filter>소스 파일</Filter>
    </ClCompile>
    <ClCompile Include="mergeSort.cpp">
      <Filter>소스 파일</Filter>
    </ClCompile>
    <ClCompile Include="quickSort.cpp">
      <Filter>소스 파일</Filter>
    </ClCompile>
    <ClCompile Include="2623.cpp">
      <Filter>소스 파일</Filter>
    </ClCompile>
    <ClCompile Include="10999.cpp">
      <Filter>소스 파일</Filter>
    </ClCompile>
    <ClCompile Include="1395.cpp">
      <Filter>소스 파일</Filter>
    </ClCompile>
    <ClCompile Include="5052.cpp">
      <Filter>소스 파일</Filter>
    </ClCompile>
    <ClCompile Include="5670.cpp">
      <Filter>소스 파일</Filter>
    </ClCompile>
    <ClCompile Include="scpcRound1.cpp">
      <Filter>소스 파일</Filter>
    </ClCompile>
    <ClCompile Include="scpcRound2.cpp">
      <Filter>소스 파일</Filter>
    </ClCompile>
    <ClCompile Include="scpcRound3.cpp">
      <Filter>소스 파일</Filter>
    </ClCompile>
    <ClCompile Include="2644.cpp">
      <Filter>소스 파일</Filter>
    </ClCompile>
    <ClCompile Include="2023.cpp">
      <Filter>소스 파일</Filter>
    </ClCompile>
    <ClCompile Include="12100.cpp">
      <Filter>소스 파일</Filter>
    </ClCompile>
    <ClCompile Include="sw_8382.cpp">
      <Filter>소스 파일</Filter>
    </ClCompile>
    <ClCompile Include="16985.cpp">
      <Filter>소스 파일</Filter>
    </ClCompile>
    <ClCompile Include="2019line1.cpp">
      <Filter>소스 파일</Filter>
    </ClCompile>
    <ClCompile Include="2019line2.cpp">
      <Filter>소스 파일</Filter>
    </ClCompile>
    <ClCompile Include="2019line3.cpp">
      <Filter>소스 파일</Filter>
    </ClCompile>
    <ClCompile Include="2019line4.cpp">
      <Filter>소스 파일</Filter>
    </ClCompile>
    <ClCompile Include="2019line5.cpp">
      <Filter>소스 파일</Filter>
    </ClCompile>
    <ClCompile Include="nhnExample.cpp">
      <Filter>소스 파일</Filter>
    </ClCompile>
    <ClCompile Include="2206.cpp">
=======
    <ClCompile Include="2206.cpp">
      <Filter>소스 파일</Filter>
    </ClCompile>
    <ClCompile Include="2011.cpp">
>>>>>>> 2996b2577ad0c86ef1abaae38c3fe9496ecaf394
      <Filter>소스 파일</Filter>
    </ClCompile>
  </ItemGroup>
  <ItemGroup>
    <Text Include="input.txt">
      <Filter>소스 파일</Filter>
    </Text>
  </ItemGroup>
</Project>